{
  "name": "craftedjewelz",
  "version": "3.0.3",
  "lockfileVersion": 3,
  "requires": true,
  "packages": {
    "": {
      "name": "craftedjewelz",
      "version": "3.0.3",
      "license": "MIT",
      "dependencies": {
        "react": "^18.2.0",
        "react-dom": "^18.2.0"
      },
      "devDependencies": {
        "electron": "^30.5.1",
        "electron-builder": "^24.13.3",
        "vite": "^5.4.0",
        "@vitejs/plugin-react": "^4.2.1"
      }
    },
    "node_modules/@vitejs/plugin-react": {
      "version": "4.2.1",
      "resolved": "https://registry.npmjs.org/@vitejs/plugin-react/-/plugin-react-4.2.1.tgz",
      "integrity": "sha512-5UdRrKwxpV10kRvU8OVo4bu9W+ZpE4j3mZ/4WQ3wxQlR8dTms0Ph1z5e4zU6+BBT/NtI6YnPRc9PvChhYc2ZYw==",
      "dev": true,
      "engines": {
        "node": ">=14.18.0"
      },
      "peerDependencies": {
        "vite": "^4.0.0 || ^5.0.0"
      }
    },
    "node_modules/electron": {
      "version": "30.5.1",
      "resolved": "https://registry.npmjs.org/electron/-/electron-30.5.1.tgz",
      "integrity": "sha512-7n8aq+x0g+vVQ6fPX8Odf5Ew2uElg8hfb6YnJX7Ry2F/6YUIzLqXfEqq+yxKZ2s/jk8J1aX7B9OhMNLc9+i4+g==",
      "dev": true,
      "hasInstallScript": true
    },
    "node_modules/electron-builder": {
      "version": "24.13.3",
      "resolved": "https://registry.npmjs.org/electron-builder/-/electron-builder-24.13.3.tgz",
      "integrity": "sha512-Y82+Xn7LClfWrjWZTFlYt1U83q6UpDZLtAIkZkWwYyS7hIdrM5vqZJ8cY5D5VthlTjUNeC2VozVZLhC4jYpZUw==",
      "dev": true,
      "hasInstallScript": true,
      "engines": {
        "node": ">=14.0.0"
      }
    },
    "node_modules/react": {
      "version": "18.2.0",
      "resolved": "https://registry.npmjs.org/react/-/react-18.2.0.tgz",
      "integrity": "sha512-/3Ij2d3hbm9Z8xR7T+fjcQe6tW9yBsiL/sswhfFq0xmskR9MiVtQSmFSTa/7kGEXLMaLLq5yRvDqxn6VxuX2AA=="
    },
    "node_modules/react-dom": {
      "version": "18.2.0",
      "resolved": "https://registry.npmjs.org/react-dom/-/react-dom-18.2.0.tgz",
      "integrity": "sha512-ivfIuzmC8EZwEWH+x8RZr3sQFZHEuPZ19zIphW2eFNfGZyoj3Fv8jN2Z3DlG6rWfqq5Pq6M+TtAujcYlXHwHfQ==",
      "peerDependencies": {
        "react": "^18.2.0"
      }
    },
    "node_modules/vite": {
      "version": "5.4.0",
      "resolved": "https://registry.npmjs.org/vite/-/vite-5.4.0.tgz",
      "integrity": "sha512-FSMxGA4Nd9O0D6Cv8wMPCFJz3JkpE6qQ9NaOgEHyz0R1b4vwbt/Bk8AFKqNQkWcmC6f1cCgsfCnGUKyDfwWwLQ==",
      "dev": true,
      "engines": {
        "node": "^18.0.0 || >=20.0.0"
      }
    }
  }
}
